Microsoft Visual Studio Solution File, Format Version 12.00
# Visual Studio Version 17
VisualStudioVersion = 17.5.2.0
MinimumVisualStudioVersion = 10.0.40219.1
Project("{FAE04EC0-301F-11D3-BF4B-00C04F79EFBC}") = "BankaSimulasyon.AraKatman", "BankaSimulasyon.AraKatman.csproj", "{A29ADDBD-81F0-92B0-CA07-B0F57FF16F68}"
EndProject
Global
	GlobalSection(SolutionConfigurationPlatforms) = preSolution
		Debug|Any CPU = Debug|Any CPU
		Release|Any CPU = Release|Any CPU
	EndGlobalSection
	GlobalSection(ProjectConfigurationPlatforms) = postSolution
		{A29ADDBD-81F0-92B0-CA07-B0F57FF16F68}.Debug|Any CPU.ActiveCfg = Debug|Any CPU
		{A29ADDBD-81F0-92B0-CA07-B0F57FF16F68}.Debug|Any CPU.Build.0 = Debug|Any CPU
		{A29ADDBD-81F0-92B0-CA07-B0F57FF16F68}.Release|Any CPU.ActiveCfg = Release|Any CPU
		{A29ADDBD-81F0-92B0-CA07-B0F57FF16F68}.Release|Any CPU.Build.0 = Release|Any CPU
	EndGlobalSection
	GlobalSection(SolutionProperties) = preSolution
		HideSolutionNode = FALSE
	EndGlobalSection
	GlobalSection(ExtensibilityGlobals) = postSolution
		SolutionGuid = {DE87DDAD-52DA-4484-AB3F-9F6CB070E63D}
	EndGlobalSection
EndGlobal
